
Microsoft Visual Studio Solution File, Format Version 12.00
# Visual Studio 15
VisualStudioVersion = 15.0.28307.705
MinimumVisualStudioVersion = 10.0.40219.1
Project("{FAE04EC0-301F-11D3-BF4B-00C04F79EFBC}") = "BotConsole", "BotConsole\BotConsole.csproj", "{2D0CD226-A856-4282-8867-545630450EBC}"
EndProject
Project("{FAE04EC0-301F-11D3-BF4B-00C04F79EFBC}") = "DiscordBot", "DiscordBot\DiscordBot.csproj", "{91DFA76A-95C3-447D-AF45-780A9A0860A4}"
EndProject
Project("{FAE04EC0-301F-11D3-BF4B-00C04F79EFBC}") = "TestConsole", "TestConsole\TestConsole.csproj", "{D6FCEDF0-E358-47DD-AA55-2CB77A69425B}"
EndProject
Global
	GlobalSection(SolutionConfigurationPlatforms) = preSolution
		Debug|Any CPU = Debug|Any CPU
		Release|Any CPU = Release|Any CPU
	EndGlobalSection
	GlobalSection(ProjectConfigurationPlatforms) = postSolution
		{2D0CD226-A856-4282-8867-545630450EBC}.Debug|Any CPU.ActiveCfg = Debug|Any CPU
		{2D0CD226-A856-4282-8867-545630450EBC}.Debug|Any CPU.Build.0 = Debug|Any CPU
		{2D0CD226-A856-4282-8867-545630450EBC}.Release|Any CPU.ActiveCfg = Release|Any CPU
		{2D0CD226-A856-4282-8867-545630450EBC}.Release|Any CPU.Build.0 = Release|Any CPU
		{91DFA76A-95C3-447D-AF45-780A9A0860A4}.Debug|Any CPU.ActiveCfg = Debug|Any CPU
		{91DFA76A-95C3-447D-AF45-780A9A0860A4}.Debug|Any CPU.Build.0 = Debug|Any CPU
		{91DFA76A-95C3-447D-AF45-780A9A0860A4}.Release|Any CPU.ActiveCfg = Release|Any CPU
		{91DFA76A-95C3-447D-AF45-780A9A0860A4}.Release|Any CPU.Build.0 = Release|Any CPU
		{D6FCEDF0-E358-47DD-AA55-2CB77A69425B}.Debug|Any CPU.ActiveCfg = Debug|Any CPU
		{D6FCEDF0-E358-47DD-AA55-2CB77A69425B}.Debug|Any CPU.Build.0 = Debug|Any CPU
		{D6FCEDF0-E358-47DD-AA55-2CB77A69425B}.Release|Any CPU.ActiveCfg = Release|Any CPU
		{D6FCEDF0-E358-47DD-AA55-2CB77A69425B}.Release|Any CPU.Build.0 = Release|Any CPU
	EndGlobalSection
	GlobalSection(SolutionProperties) = preSolution
		HideSolutionNode = FALSE
	EndGlobalSection
	GlobalSection(ExtensibilityGlobals) = postSolution
		SolutionGuid = {D1E97B19-ADDD-4C4D-B080-CD96F8AC5CEB}
	EndGlobalSection
EndGlobal
